# This file is automatically @generated by Poetry 1.7.1 and should not be changed by hand.

[[package]]
name = "poetrytestdependency"
version = "0.1.0"
description = ""
optional = false
python-versions = "^3.11"
files = []
develop = false

[package.source]
type = "directory"
url = "../poetrytestdependency"

[metadata]
lock-version = "2.0"
python-versions = "^3.11"
content-hash = "f192df836ceca66b235507b111ff21dc4f5cec9c2a5e75f494024c8f7e40942c"
